// !$*UTF8*$!
{
	archiveVersion = 1;
	classes = {
	};
	objectVersion = 46;
	objects = {

/* Begin PBXBuildFile section */
		A81E70741C9C845300CF72E5 /* AppDelegate.swift in Sources */ = {isa = PBXBuildFile; fileRef = A81E70731C9C845300CF72E5 /* AppDelegate.swift */; };
		A81E70761C9C845300CF72E5 /* ViewController.swift in Sources */ = {isa = PBXBuildFile; fileRef = A81E70751C9C845300CF72E5 /* ViewController.swift */; };
		A81E70791C9C845300CF72E5 /* Main.storyboard in Resources */ = {isa = PBXBuildFile; fileRef = A81E70771C9C845300CF72E5 /* Main.storyboard */; };
		A81E707C1C9C845300CF72E5 /* ServerRemoteControl.xcdatamodeld in Sources */ = {isa = PBXBuildFile; fileRef = A81E707A1C9C845300CF72E5 /* ServerRemoteControl.xcdatamodeld */; };
		A81E707E1C9C845300CF72E5 /* Assets.xcassets in Resources */ = {isa = PBXBuildFile; fileRef = A81E707D1C9C845300CF72E5 /* Assets.xcassets */; };
		A81E70811C9C845300CF72E5 /* LaunchScreen.storyboard in Resources */ = {isa = PBXBuildFile; fileRef = A81E707F1C9C845300CF72E5 /* LaunchScreen.storyboard */; };
		A81E708C1C9C845300CF72E5 /* ServerRemoteControlTests.swift in Sources */ = {isa = PBXBuildFile; fileRef = A81E708B1C9C845300CF72E5 /* ServerRemoteControlTests.swift */; };
		A81E70971C9C845300CF72E5 /* ServerRemoteControlUITests.swift in Sources */ = {isa = PBXBuildFile; fileRef = A81E70961C9C845300CF72E5 /* ServerRemoteControlUITests.swift */; };
		A81E70A71C9C8ADF00CF72E5 /* restart.txt in Resources */ = {isa = PBXBuildFile; fileRef = A81E70A61C9C8ADF00CF72E5 /* restart.txt */; };
		B8993B1DDA967FC98B5EB320 /* Pods_ServerRemoteControl.framework in Frameworks */ = {isa = PBXBuildFile; fileRef = 02B75233AD2921F735EBA146 /* Pods_ServerRemoteControl.framework */; };
/* End PBXBuildFile section */

/* Begin PBXContainerItemProxy section */
		A81E70881C9C845300CF72E5 /* PBXContainerItemProxy */ = {
			isa = PBXContainerItemProxy;
			containerPortal = A81E70681C9C845200CF72E5 /* Project object */;
			proxyType = 1;
			remoteGlobalIDString = A81E706F1C9C845200CF72E5;
			remoteInfo = ServerRemoteControl;
		};
		A81E70931C9C845300CF72E5 /* PBXContainerItemProxy */ = {
			isa = PBXContainerItemProxy;
			containerPortal = A81E70681C9C845200CF72E5 /* Project object */;
			proxyType = 1;
			remoteGlobalIDString = A81E706F1C9C845200CF72E5;
			remoteInfo = ServerRemoteControl;
		};
/* End PBXContainerItemProxy section */

/* Begin PBXFileReference section */
		02B75233AD2921F735EBA146 /* Pods_ServerRemoteControl.framework */ = {isa = PBXFileReference; explicitFileType = wrapper.framework; includeInIndex = 0; path = Pods_ServerRemoteControl.framework; sourceTree = BUILT_PRODUCTS_DIR; };
		4083DCE389CC123D63D0DDCF /* Pods-ServerRemoteControl.debug.xcconfig */ = {isa = PBXFileReference; includeInIndex = 1; lastKnownFileType = text.xcconfig; name = "Pods-ServerRemoteControl.debug.xcconfig"; path = "Pods/Target Support Files/Pods-ServerRemoteControl/Pods-ServerRemoteControl.debug.xcconfig"; sourceTree = "<group>"; };
		8C0926F898D9552291965B70 /* Pods-ServerRemoteControl.release.xcconfig */ = {isa = PBXFileReference; includeInIndex = 1; lastKnownFileType = text.xcconfig; name = "Pods-ServerRemoteControl.release.xcconfig"; path = "Pods/Target Support Files/Pods-ServerRemoteControl/Pods-ServerRemoteControl.release.xcconfig"; sourceTree = "<group>"; };
		A81E70701C9C845200CF72E5 /* ServerRemoteControl.app */ = {isa = PBXFileReference; explicitFileType = wrapper.application; includeInIndex = 0; path = ServerRemoteControl.app; sourceTree = BUILT_PRODUCTS_DIR; };
		A81E70731C9C845300CF72E5 /* AppDelegate.swift */ = {isa = PBXFileReference; lastKnownFileType = sourcecode.swift; path = AppDelegate.swift; sourceTree = "<group>"; };
		A81E70751C9C845300CF72E5 /* ViewController.swift */ = {isa = PBXFileReference; lastKnownFileType = sourcecode.swift; path = ViewController.swift; sourceTree = "<group>"; };
		A81E70781C9C845300CF72E5 /* Base */ = {isa = PBXFileReference; lastKnownFileType = file.storyboard; name = Base; path = Base.lproj/Main.storyboard; sourceTree = "<group>"; };
		A81E707B1C9C845300CF72E5 /* ServerRemoteControl.xcdatamodel */ = {isa = PBXFileReference; lastKnownFileType = wrapper.xcdatamodel; path = ServerRemoteControl.xcdatamodel; sourceTree = "<group>"; };
		A81E707D1C9C845300CF72E5 /* Assets.xcassets */ = {isa = PBXFileReference; lastKnownFileType = folder.assetcatalog; path = Assets.xcassets; sourceTree = "<group>"; };
		A81E70801C9C845300CF72E5 /* Base */ = {isa = PBXFileReference; lastKnownFileType = file.storyboard; name = Base; path = Base.lproj/LaunchScreen.storyboard; sourceTree = "<group>"; };
		A81E70821C9C845300CF72E5 /* Info.plist */ = {isa = PBXFileReference; lastKnownFileType = text.plist.xml; path = Info.plist; sourceTree = "<group>"; };
		A81E70871C9C845300CF72E5 /* ServerRemoteControlTests.xctest */ = {isa = PBXFileReference; explicitFileType = wrapper.cfbundle; includeInIndex = 0; path = ServerRemoteControlTests.xctest; sourceTree = BUILT_PRODUCTS_DIR; };
		A81E708B1C9C845300CF72E5 /* ServerRemoteControlTests.swift */ = {isa = PBXFileReference; lastKnownFileType = sourcecode.swift; path = ServerRemoteControlTests.swift; sourceTree = "<group>"; };
		A81E708D1C9C845300CF72E5 /* Info.plist */ = {isa = PBXFileReference; lastKnownFileType = text.plist.xml; path = Info.plist; sourceTree = "<group>"; };
		A81E70921C9C845300CF72E5 /* ServerRemoteControlUITests.xctest */ = {isa = PBXFileReference; explicitFileType = wrapper.cfbundle; includeInIndex = 0; path = ServerRemoteControlUITests.xctest; sourceTree = BUILT_PRODUCTS_DIR; };
		A81E70961C9C845300CF72E5 /* ServerRemoteControlUITests.swift */ = {isa = PBXFileReference; lastKnownFileType = sourcecode.swift; path = ServerRemoteControlUITests.swift; sourceTree = "<group>"; };
		A81E70981C9C845300CF72E5 /* Info.plist */ = {isa = PBXFileReference; lastKnownFileType = text.plist.xml; path = Info.plist; sourceTree = "<group>"; };
		A81E70A61C9C8ADF00CF72E5 /* restart.txt */ = {isa = PBXFileReference; fileEncoding = 4; lastKnownFileType = text; path = restart.txt; sourceTree = "<group>"; };
/* End PBXFileReference section */

/* Begin PBXFrameworksBuildPhase section */
		A81E706D1C9C845200CF72E5 /* Frameworks */ = {
			isa = PBXFrameworksBuildPhase;
			buildActionMask = 2147483647;
			files = (
				B8993B1DDA967FC98B5EB320 /* Pods_ServerRemoteControl.framework in Frameworks */,
			);
			runOnlyForDeploymentPostprocessing = 0;
		};
		A81E70841C9C845300CF72E5 /* Frameworks */ = {
			isa = PBXFrameworksBuildPhase;
			buildActionMask = 2147483647;
			files = (
			);
			runOnlyForDeploymentPostprocessing = 0;
		};
		A81E708F1C9C845300CF72E5 /* Frameworks */ = {
			isa = PBXFrameworksBuildPhase;
			buildActionMask = 2147483647;
			files = (
			);
			runOnlyForDeploymentPostprocessing = 0;
		};
/* End PBXFrameworksBuildPhase section */

/* Begin PBXGroup section */
		97BF7BDE36902B97B4E70325 /* Pods */ = {
			isa = PBXGroup;
			children = (
				4083DCE389CC123D63D0DDCF /* Pods-ServerRemoteControl.debug.xcconfig */,
				8C0926F898D9552291965B70 /* Pods-ServerRemoteControl.release.xcconfig */,
			);
			name = Pods;
			sourceTree = "<group>";
		};
		A81E70671C9C845200CF72E5 = {
			isa = PBXGroup;
			children = (
				A81E70721C9C845300CF72E5 /* ServerRemoteControl */,
				A81E708A1C9C845300CF72E5 /* ServerRemoteControlTests */,
				A81E70951C9C845300CF72E5 /* ServerRemoteControlUITests */,
				A81E70711C9C845200CF72E5 /* Products */,
				97BF7BDE36902B97B4E70325 /* Pods */,
				DC75B678D985907759F2EAE9 /* Frameworks */,
			);
			sourceTree = "<group>";
		};
		A81E70711C9C845200CF72E5 /* Products */ = {
			isa = PBXGroup;
			children = (
				A81E70701C9C845200CF72E5 /* ServerRemoteControl.app */,
				A81E70871C9C845300CF72E5 /* ServerRemoteControlTests.xctest */,
				A81E70921C9C845300CF72E5 /* ServerRemoteControlUITests.xctest */,
			);
			name = Products;
			sourceTree = "<group>";
		};
		A81E70721C9C845300CF72E5 /* ServerRemoteControl */ = {
			isa = PBXGroup;
			children = (
				A81E70A51C9C84B400CF72E5 /* Controller */,
				A81E70731C9C845300CF72E5 /* AppDelegate.swift */,
				A81E70771C9C845300CF72E5 /* Main.storyboard */,
				A81E707D1C9C845300CF72E5 /* Assets.xcassets */,
				A81E707F1C9C845300CF72E5 /* LaunchScreen.storyboard */,
				A81E70821C9C845300CF72E5 /* Info.plist */,
				A81E707A1C9C845300CF72E5 /* ServerRemoteControl.xcdatamodeld */,
				A81E70A61C9C8ADF00CF72E5 /* restart.txt */,
			);
			path = ServerRemoteControl;
			sourceTree = "<group>";
		};
		A81E708A1C9C845300CF72E5 /* ServerRemoteControlTests */ = {
			isa = PBXGroup;
			children = (
				A81E708B1C9C845300CF72E5 /* ServerRemoteControlTests.swift */,
				A81E708D1C9C845300CF72E5 /* Info.plist */,
			);
			path = ServerRemoteControlTests;
			sourceTree = "<group>";
		};
		A81E70951C9C845300CF72E5 /* ServerRemoteControlUITests */ = {
			isa = PBXGroup;
			children = (
				A81E70961C9C845300CF72E5 /* ServerRemoteControlUITests.swift */,
				A81E70981C9C845300CF72E5 /* Info.plist */,
			);
			path = ServerRemoteControlUITests;
			sourceTree = "<group>";
		};
		A81E70A51C9C84B400CF72E5 /* Controller */ = {
			isa = PBXGroup;
			children = (
				A81E70751C9C845300CF72E5 /* ViewController.swift */,
			);
			name = Controller;
			sourceTree = "<group>";
		};
		DC75B678D985907759F2EAE9 /* Frameworks */ = {
			isa = PBXGroup;
			children = (
				02B75233AD2921F735EBA146 /* Pods_ServerRemoteControl.framework */,
			);
			name = Frameworks;
			sourceTree = "<group>";
		};
/* End PBXGroup section */

/* Begin PBXNativeTarget section */
		A81E706F1C9C845200CF72E5 /* ServerRemoteControl */ = {
			isa = PBXNativeTarget;
			buildConfigurationList = A81E709B1C9C845300CF72E5 /* Build configuration list for PBXNativeTarget "ServerRemoteControl" */;
			buildPhases = (
				3CB1EB53D2EA2CB35EE51ED7 /* Check Pods Manifest.lock */,
				A81E706C1C9C845200CF72E5 /* Sources */,
				A81E706D1C9C845200CF72E5 /* Frameworks */,
				A81E706E1C9C845200CF72E5 /* Resources */,
				DAC8ED28AABF0E488F96388B /* Embed Pods Frameworks */,
				E6C7BDA82D759FE34A0E44B9 /* Copy Pods Resources */,
			);
			buildRules = (
			);
			dependencies = (
			);
			name = ServerRemoteControl;
			productName = ServerRemoteControl;
			productReference = A81E70701C9C845200CF72E5 /* ServerRemoteControl.app */;
			productType = "com.apple.product-type.application";
		};
		A81E70861C9C845300CF72E5 /* ServerRemoteControlTests */ = {
			isa = PBXNativeTarget;
			buildConfigurationList = A81E709E1C9C845300CF72E5 /* Build configuration list for PBXNativeTarget "ServerRemoteControlTests" */;
			buildPhases = (
				A81E70831C9C845300CF72E5 /* Sources */,
				A81E70841C9C845300CF72E5 /* Frameworks */,
				A81E70851C9C845300CF72E5 /* Resources */,
			);
			buildRules = (
			);
			dependencies = (
				A81E70891C9C845300CF72E5 /* PBXTargetDependency */,
			);
			name = ServerRemoteControlTests;
			productName = ServerRemoteControlTests;
			productReference = A81E70871C9C845300CF72E5 /* ServerRemoteControlTests.xctest */;
			productType = "com.apple.product-type.bundle.unit-test";
		};
		A81E70911C9C845300CF72E5 /* ServerRemoteControlUITests */ = {
			isa = PBXNativeTarget;
			buildConfigurationList = A81E70A11C9C845300CF72E5 /* Build configuration list for PBXNativeTarget "ServerRemoteControlUITests" */;
			buildPhases = (
				A81E708E1C9C845300CF72E5 /* Sources */,
				A81E708F1C9C845300CF72E5 /* Frameworks */,
				A81E70901C9C845300CF72E5 /* Resources */,
			);
			buildRules = (
			);
			dependencies = (
				A81E70941C9C845300CF72E5 /* PBXTargetDependency */,
			);
			name = ServerRemoteControlUITests;
			productName = ServerRemoteControlUITests;
			productReference = A81E70921C9C845300CF72E5 /* ServerRemoteControlUITests.xctest */;
			productType = "com.apple.product-type.bundle.ui-testing";
		};
/* End PBXNativeTarget section */

/* Begin PBXProject section */
		A81E70681C9C845200CF72E5 /* Project object */ = {
			isa = PBXProject;
			attributes = {
				LastSwiftUpdateCheck = 0720;
				LastUpgradeCheck = 0720;
				ORGANIZATIONNAME = WCMC;
				TargetAttributes = {
					A81E706F1C9C845200CF72E5 = {
						CreatedOnToolsVersion = 7.2.1;
						DevelopmentTeam = E25EKD4HJ8;
					};
					A81E70861C9C845300CF72E5 = {
						CreatedOnToolsVersion = 7.2.1;
						TestTargetID = A81E706F1C9C845200CF72E5;
					};
					A81E70911C9C845300CF72E5 = {
						CreatedOnToolsVersion = 7.2.1;
						TestTargetID = A81E706F1C9C845200CF72E5;
					};
				};
			};
			buildConfigurationList = A81E706B1C9C845200CF72E5 /* Build configuration list for PBXProject "ServerRemoteControl" */;
			compatibilityVersion = "Xcode 3.2";
			developmentRegion = English;
			hasScannedForEncodings = 0;
			knownRegions = (
				en,
				Base,
			);
			mainGroup = A81E70671C9C845200CF72E5;
			productRefGroup = A81E70711C9C845200CF72E5 /* Products */;
			projectDirPath = "";
			projectRoot = "";
			targets = (
				A81E706F1C9C845200CF72E5 /* ServerRemoteControl */,
				A81E70861C9C845300CF72E5 /* ServerRemoteControlTests */,
				A81E70911C9C845300CF72E5 /* ServerRemoteControlUITests */,
			);
		};
/* End PBXProject section */

/* Begin PBXResourcesBuildPhase section */
		A81E706E1C9C845200CF72E5 /* Resources */ = {
			isa = PBXResourcesBuildPhase;
			buildActionMask = 2147483647;
			files = (
				A81E70811C9C845300CF72E5 /* LaunchScreen.storyboard in Resources */,
				A81E707E1C9C845300CF72E5 /* Assets.xcassets in Resources */,
				A81E70A71C9C8ADF00CF72E5 /* restart.txt in Resources */,
				A81E70791C9C845300CF72E5 /* Main.storyboard in Resources */,
			);
			runOnlyForDeploymentPostprocessing = 0;
		};
		A81E70851C9C845300CF72E5 /* Resources */ = {
			isa = PBXResourcesBuildPhase;
			buildActionMask = 2147483647;
			files = (
			);
			runOnlyForDeploymentPostprocessing = 0;
		};
		A81E70901C9C845300CF72E5 /* Resources */ = {
			isa = PBXResourcesBuildPhase;
			buildActionMask = 2147483647;
			files = (
			);
			runOnlyForDeploymentPostprocessing = 0;
		};
/* End PBXResourcesBuildPhase section */

/* Begin PBXShellScriptBuildPhase section */
		3CB1EB53D2EA2CB35EE51ED7 /* Check Pods Manifest.lock */ = {
			isa = PBXShellScriptBuildPhase;
			buildActionMask = 2147483647;
			files = (
			);
			inputPaths = (
			);
			name = "Check Pods Manifest.lock";
			outputPaths = (
			);
			runOnlyForDeploymentPostprocessing = 0;
			shellPath = /bin/sh;
			shellScript = "diff \"${PODS_ROOT}/../Podfile.lock\" \"${PODS_ROOT}/Manifest.lock\" > /dev/null\nif [[ $? != 0 ]] ; then\n    cat << EOM\nerror: The sandbox is not in sync with the Podfile.lock. Run 'pod install' or update your CocoaPods installation.\nEOM\n    exit 1\nfi\n";
			showEnvVarsInLog = 0;
		};
		DAC8ED28AABF0E488F96388B /* Embed Pods Frameworks */ = {
			isa = PBXShellScriptBuildPhase;
			buildActionMask = 2147483647;
			files = (
			);
			inputPaths = (
			);
			name = "Embed Pods Frameworks";
			outputPaths = (
			);
			runOnlyForDeploymentPostprocessing = 0;
			shellPath = /bin/sh;
			shellScript = "\"${SRCROOT}/Pods/Target Support Files/Pods-ServerRemoteControl/Pods-ServerRemoteControl-frameworks.sh\"\n";
			showEnvVarsInLog = 0;
		};
		E6C7BDA82D759FE34A0E44B9 /* Copy Pods Resources */ = {
			isa = PBXShellScriptBuildPhase;
			buildActionMask = 2147483647;
			files = (
			);
			inputPaths = (
			);
			name = "Copy Pods Resources";
			outputPaths = (
			);
			runOnlyForDeploymentPostprocessing = 0;
			shellPath = /bin/sh;
			shellScript = "\"${SRCROOT}/Pods/Target Support Files/Pods-ServerRemoteControl/Pods-ServerRemoteControl-resources.sh\"\n";
			showEnvVarsInLog = 0;
		};
/* End PBXShellScriptBuildPhase section */

/* Begin PBXSourcesBuildPhase section */
		A81E706C1C9C845200CF72E5 /* Sources */ = {
			isa = PBXSourcesBuildPhase;
			buildActionMask = 2147483647;
			files = (
				A81E707C1C9C845300CF72E5 /* ServerRemoteControl.xcdatamodeld in Sources */,
				A81E70761C9C845300CF72E5 /* ViewController.swift in Sources */,
				A81E70741C9C845300CF72E5 /* AppDelegate.swift in Sources */,
			);
			runOnlyForDeploymentPostprocessing = 0;
		};
		A81E70831C9C845300CF72E5 /* Sources */ = {
			isa = PBXSourcesBuildPhase;
			buildActionMask = 2147483647;
			files = (
				A81E708C1C9C845300CF72E5 /* ServerRemoteControlTests.swift in Sources */,
			);
			runOnlyForDeploymentPostprocessing = 0;
		};
		A81E708E1C9C845300CF72E5 /* Sources */ = {
			isa = PBXSourcesBuildPhase;
			buildActionMask = 2147483647;
			files = (
				A81E70971C9C845300CF72E5 /* ServerRemoteControlUITests.swift in Sources */,
			);
			runOnlyForDeploymentPostprocessing = 0;
		};
/* End PBXSourcesBuildPhase section */

/* Begin PBXTargetDependency section */
		A81E70891C9C845300CF72E5 /* PBXTargetDependency */ = {
			isa = PBXTargetDependency;
			target = A81E706F1C9C845200CF72E5 /* ServerRemoteControl */;
			targetProxy = A81E70881C9C845300CF72E5 /* PBXContainerItemProxy */;
		};
		A81E70941C9C845300CF72E5 /* PBXTargetDependency */ = {
			isa = PBXTargetDependency;
			target = A81E706F1C9C845200CF72E5 /* ServerRemoteControl */;
			targetProxy = A81E70931C9C845300CF72E5 /* PBXContainerItemProxy */;
		};
/* End PBXTargetDependency section */

/* Begin PBXVariantGroup section */
		A81E70771C9C845300CF72E5 /* Main.storyboard */ = {
			isa = PBXVariantGroup;
			children = (
				A81E70781C9C845300CF72E5 /* Base */,
			);
			name = Main.storyboard;
			sourceTree = "<group>";
		};
		A81E707F1C9C845300CF72E5 /* LaunchScreen.storyboard */ = {
			isa = PBXVariantGroup;
			children = (
				A81E70801C9C845300CF72E5 /* Base */,
			);
			name = LaunchScreen.storyboard;
			sourceTree = "<group>";
		};
/* End PBXVariantGroup section */

/* Begin XCBuildConfiguration section */
		A81E70991C9C845300CF72E5 /* Debug */ = {
			isa = XCBuildConfiguration;
			buildSettings = {
				ALWAYS_SEARCH_USER_PATHS = NO;
				CLANG_CXX_LANGUAGE_STANDARD = "gnu++0x";
				CLANG_CXX_LIBRARY = "libc++";
				CLANG_ENABLE_MODULES = YES;
				CLANG_ENABLE_OBJC_ARC = YES;
				CLANG_WARN_BOOL_CONVERSION = YES;
				CLANG_WARN_CONSTANT_CONVERSION = YES;
				CLANG_WARN_DIRECT_OBJC_ISA_USAGE = YES_ERROR;
				CLANG_WARN_EMPTY_BODY = YES;
				CLANG_WARN_ENUM_CONVERSION = YES;
				CLANG_WARN_INT_CONVERSION = YES;
				CLANG_WARN_OBJC_ROOT_CLASS = YES_ERROR;
				CLANG_WARN_UNREACHABLE_CODE = YES;
				CLANG_WARN__DUPLICATE_METHOD_MATCH = YES;
				"CODE_SIGN_IDENTITY[sdk=iphoneos*]" = "iPhone Developer";
				COPY_PHASE_STRIP = NO;
				DEBUG_INFORMATION_FORMAT = dwarf;
				ENABLE_STRICT_OBJC_MSGSEND = YES;
				ENABLE_TESTABILITY = YES;
				GCC_C_LANGUAGE_STANDARD = gnu99;
				GCC_DYNAMIC_NO_PIC = NO;
				GCC_NO_COMMON_BLOCKS = YES;
				GCC_OPTIMIZATION_LEVEL = 0;
				GCC_PREPROCESSOR_DEFINITIONS = (
					"DEBUG=1",
					"$(inherited)",
				);
				GCC_WARN_64_TO_32_BIT_CONVERSION = YES;
				GCC_WARN_ABOUT_RETURN_TYPE = YES_ERROR;
				GCC_WARN_UNDECLARED_SELECTOR = YES;
				GCC_WARN_UNINITIALIZED_AUTOS = YES_AGGRESSIVE;
				GCC_WARN_UNUSED_FUNCTION = YES;
				GCC_WARN_UNUSED_VARIABLE = YES;
				IPHONEOS_DEPLOYMENT_TARGET = 9.2;
				MTL_ENABLE_DEBUG_INFO = YES;
				ONLY_ACTIVE_ARCH = YES;
				SDKROOT = iphoneos;
				SWIFT_OPTIMIZATION_LEVEL = "-Onone";
				TARGETED_DEVICE_FAMILY = "1,2";
			};
			name = Debug;
		};
		A81E709A1C9C845300CF72E5 /* Release */ = {
			isa = XCBuildConfiguration;
			buildSettings = {
				ALWAYS_SEARCH_USER_PATHS = NO;
				CLANG_CXX_LANGUAGE_STANDARD = "gnu++0x";
				CLANG_CXX_LIBRARY = "libc++";
				CLANG_ENABLE_MODULES = YES;
				CLANG_ENABLE_OBJC_ARC = YES;
				CLANG_WARN_BOOL_CONVERSION = YES;
				CLANG_WARN_CONSTANT_CONVERSION = YES;
				CLANG_WARN_DIRECT_OBJC_ISA_USAGE = YES_ERROR;
				CLANG_WARN_EMPTY_BODY = YES;
				CLANG_WARN_ENUM_CONVERSION = YES;
				CLANG_WARN_INT_CONVERSION = YES;
				CLANG_WARN_OBJC_ROOT_CLASS = YES_ERROR;
				CLANG_WARN_UNREACHABLE_CODE = YES;
				CLANG_WARN__DUPLICATE_METHOD_MATCH = YES;
				"CODE_SIGN_IDENTITY[sdk=iphoneos*]" = "iPhone Developer";
				COPY_PHASE_STRIP = NO;
				DEBUG_INFORMATION_FORMAT = "dwarf-with-dsym";
				ENABLE_NS_ASSERTIONS = NO;
				ENABLE_STRICT_OBJC_MSGSEND = YES;
				GCC_C_LANGUAGE_STANDARD = gnu99;
				GCC_NO_COMMON_BLOCKS = YES;
				GCC_WARN_64_TO_32_BIT_CONVERSION = YES;
				GCC_WARN_ABOUT_RETURN_TYPE = YES_ERROR;
				GCC_WARN_UNDECLARED_SELECTOR = YES;
				GCC_WARN_UNINITIALIZED_AUTOS = YES_AGGRESSIVE;
				GCC_WARN_UNUSED_FUNCTION = YES;
				GCC_WARN_UNUSED_VARIABLE = YES;
				IPHONEOS_DEPLOYMENT_TARGET = 9.2;
				MTL_ENABLE_DEBUG_INFO = NO;
				SDKROOT = iphoneos;
				TARGETED_DEVICE_FAMILY = "1,2";
				VALIDATE_PRODUCT = YES;
			};
			name = Release;
		};
		A81E709C1C9C845300CF72E5 /* Debug */ = {
			isa = XCBuildConfiguration;
			baseConfigurationReference = 4083DCE389CC123D63D0DDCF /* Pods-ServerRemoteControl.debug.xcconfig */;
			buildSettings = {
				ASSETCATALOG_COMPILER_APPICON_NAME = AppIcon;
				CODE_SIGN_IDENTITY = "iPhone Developer";
				"CODE_SIGN_IDENTITY[sdk=iphoneos*]" = "iPhone Developer";
				INFOPLIST_FILE = ServerRemoteControl/Info.plist;
				IPHONEOS_DEPLOYMENT_TARGET = 9.1;
				LD_RUNPATH_SEARCH_PATHS = "$(inherited) @executable_path/Frameworks";
				PRODUCT_BUNDLE_IDENTIFIER = com.wcmcits.ServerRemoteControl;
				PRODUCT_NAME = "$(TARGET_NAME)";
				PROVISIONING_PROFILE = "";
			};
			name = Debug;
		};
		A81E709D1C9C845300CF72E5 /* Release */ = {
			isa = XCBuildConfiguration;
			baseConfigurationReference = 8C0926F898D9552291965B70 /* Pods-ServerRemoteControl.release.xcconfig */;
			buildSettings = {
				ASSETCATALOG_COMPILER_APPICON_NAME = AppIcon;
				CODE_SIGN_IDENTITY = "iPhone Developer";
				"CODE_SIGN_IDENTITY[sdk=iphoneos*]" = "iPhone Developer";
				INFOPLIST_FILE = ServerRemoteControl/Info.plist;
				IPHONEOS_DEPLOYMENT_TARGET = 9.1;
				LD_RUNPATH_SEARCH_PATHS = "$(inherited) @executable_path/Frameworks";
				PRODUCT_BUNDLE_IDENTIFIER = com.wcmcits.ServerRemoteControl;
				PRODUCT_NAME = "$(TARGET_NAME)";
				PROVISIONING_PROFILE = "";
			};
			name = Release;
		};
		A81E709F1C9C845300CF72E5 /* Debug */ = {
			isa = XCBuildConfiguration;
			buildSettings = {
				BUNDLE_LOADER = "$(TEST_HOST)";
				INFOPLIST_FILE = ServerRemoteControlTests/Info.plist;
				LD_RUNPATH_SEARCH_PATHS = "$(inherited) @executable_path/Frameworks @loader_path/Frameworks";
				PRODUCT_BUNDLE_IDENTIFIER = com.wcmcits.ServerRemoteControlTests;
				PRODUCT_NAME = "$(TARGET_NAME)";
				TEST_HOST = "$(BUILT_PRODUCTS_DIR)/ServerRemoteControl.app/ServerRemoteControl";
			};
			name = Debug;
		};
		A81E70A01C9C845300CF72E5 /* Release */ = {
			isa = XCBuildConfiguration;
			buildSettings = {
				BUNDLE_LOADER = "$(TEST_HOST)";
				INFOPLIST_FILE = ServerRemoteControlTests/Info.plist;
				LD_RUNPATH_SEARCH_PATHS = "$(inherited) @executable_path/Frameworks @loader_path/Frameworks";
				PRODUCT_BUNDLE_IDENTIFIER = com.wcmcits.ServerRemoteControlTests;
				PRODUCT_NAME = "$(TARGET_NAME)";
				TEST_HOST = "$(BUILT_PRODUCTS_DIR)/ServerRemoteControl.app/ServerRemoteControl";
			};
			name = Release;
		};
		A81E70A21C9C845300CF72E5 /* Debug */ = {
			isa = XCBuildConfiguration;
			buildSettings = {
				INFOPLIST_FILE = ServerRemoteControlUITests/Info.plist;
				LD_RUNPATH_SEARCH_PATHS = "$(inherited) @executable_path/Frameworks @loader_path/Frameworks";
				PRODUCT_BUNDLE_IDENTIFIER = com.wcmcits.ServerRemoteControlUITests;
				PRODUCT_NAME = "$(TARGET_NAME)";
				TEST_TARGET_NAME = ServerRemoteControl;
				USES_XCTRUNNER = YES;
			};
			name = Debug;
		};
		A81E70A31C9C845300CF72E5 /* Release */ = {
			isa = XCBuildConfiguration;
			buildSettings = {
				INFOPLIST_FILE = ServerRemoteControlUITests/Info.plist;
				LD_RUNPATH_SEARCH_PATHS = "$(inherited) @executable_path/Frameworks @loader_path/Frameworks";
				PRODUCT_BUNDLE_IDENTIFIER = com.wcmcits.ServerRemoteControlUITests;
				PRODUCT_NAME = "$(TARGET_NAME)";
				TEST_TARGET_NAME = ServerRemoteControl;
				USES_XCTRUNNER = YES;
			};
			name = Release;
		};
/* End XCBuildConfiguration section */

/* Begin XCConfigurationList section */
		A81E706B1C9C845200CF72E5 /* Build configuration list for PBXProject "ServerRemoteControl" */ = {
			isa = XCConfigurationList;
			buildConfigurations = (
				A81E70991C9C845300CF72E5 /* Debug */,
				A81E709A1C9C845300CF72E5 /* Release */,
			);
			defaultConfigurationIsVisible = 0;
			defaultConfigurationName = Release;
		};
		A81E709B1C9C845300CF72E5 /* Build configuration list for PBXNativeTarget "ServerRemoteControl" */ = {
			isa = XCConfigurationList;
			buildConfigurations = (
				A81E709C1C9C845300CF72E5 /* Debug */,
				A81E709D1C9C845300CF72E5 /* Release */,
			);
			defaultConfigurationIsVisible = 0;
			defaultConfigurationName = Release;
		};
		A81E709E1C9C845300CF72E5 /* Build configuration list for PBXNativeTarget "ServerRemoteControlTests" */ = {
			isa = XCConfigurationList;
			buildConfigurations = (
				A81E709F1C9C845300CF72E5 /* Debug */,
				A81E70A01C9C845300CF72E5 /* Release */,
			);
			defaultConfigurationIsVisible = 0;
			defaultConfigurationName = Release;
		};
		A81E70A11C9C845300CF72E5 /* Build configuration list for PBXNativeTarget "ServerRemoteControlUITests" */ = {
			isa = XCConfigurationList;
			buildConfigurations = (
				A81E70A21C9C845300CF72E5 /* Debug */,
				A81E70A31C9C845300CF72E5 /* Release */,
			);
			defaultConfigurationIsVisible = 0;
			defaultConfigurationName = Release;
		};
/* End XCConfigurationList section */

/* Begin XCVersionGroup section */
		A81E707A1C9C845300CF72E5 /* ServerRemoteControl.xcdatamodeld */ = {
			isa = XCVersionGroup;
			children = (
				A81E707B1C9C845300CF72E5 /* ServerRemoteControl.xcdatamodel */,
			);
			currentVersion = A81E707B1C9C845300CF72E5 /* ServerRemoteControl.xcdatamodel */;
			path = ServerRemoteControl.xcdatamodeld;
			sourceTree = "<group>";
			versionGroupType = wrapper.xcdatamodel;
		};
/* End XCVersionGroup section */
	};
	rootObject = A81E70681C9C845200CF72E5 /* Project object */;
}
